
Microsoft Visual Studio Solution File, Format Version 12.00
# Visual Studio 15
VisualStudioVersion = 15.0.28307.572
MinimumVisualStudioVersion = 10.0.40219.1
Project("{FAE04EC0-301F-11D3-BF4B-00C04F79EFBC}") = "ProyectoBinding.Android", "ProyectoBinding\ProyectoBinding.Android\ProyectoBinding.Android.csproj", "{D77432C0-33FA-4C15-9305-17AA33C9DBB9}"
EndProject
Project("{FAE04EC0-301F-11D3-BF4B-00C04F79EFBC}") = "ProyectoBinding.iOS", "ProyectoBinding\ProyectoBinding.iOS\ProyectoBinding.iOS.csproj", "{32088B3A-8DE0-4EF4-B646-D32EF0C23A26}"
EndProject
Project("{FAE04EC0-301F-11D3-BF4B-00C04F79EFBC}") = "ProyectoBinding.UWP", "ProyectoBinding\ProyectoBinding.UWP\ProyectoBinding.UWP.csproj", "{12843F05-23D6-4C89-9B18-AE992DFE43AF}"
EndProject
Project("{FAE04EC0-301F-11D3-BF4B-00C04F79EFBC}") = "ProyectoBinding", "ProyectoBinding\ProyectoBinding\ProyectoBinding.csproj", "{9D1BD98D-A364-4767-ACDA-99C00DD0931B}"
EndProject
Global
	GlobalSection(SolutionConfigurationPlatforms) = preSolution
		Ad-Hoc|Any CPU = Ad-Hoc|Any CPU
		Ad-Hoc|ARM = Ad-Hoc|ARM
		Ad-Hoc|iPhone = Ad-Hoc|iPhone
		Ad-Hoc|iPhoneSimulator = Ad-Hoc|iPhoneSimulator
		Ad-Hoc|x64 = Ad-Hoc|x64
		Ad-Hoc|x86 = Ad-Hoc|x86
		AppStore|Any CPU = AppStore|Any CPU
		AppStore|ARM = AppStore|ARM
		AppStore|iPhone = AppStore|iPhone
		AppStore|iPhoneSimulator = AppStore|iPhoneSimulator
		AppStore|x64 = AppStore|x64
		AppStore|x86 = AppStore|x86
		Debug|Any CPU = Debug|Any CPU
		Debug|ARM = Debug|ARM
		Debug|iPhone = Debug|iPhone
		Debug|iPhoneSimulator = Debug|iPhoneSimulator
		Debug|x64 = Debug|x64
		Debug|x86 = Debug|x86
		Release|Any CPU = Release|Any CPU
		Release|ARM = Release|ARM
		Release|iPhone = Release|iPhone
		Release|iPhoneSimulator = Release|iPhoneSimulator
		Release|x64 = Release|x64
		Release|x86 = Release|x86
	EndGlobalSection
	GlobalSection(ProjectConfigurationPlatforms) = postSolution
		{D77432C0-33FA-4C15-9305-17AA33C9DBB9}.Ad-Hoc|Any CPU.ActiveCfg = Release|Any CPU
		{D77432C0-33FA-4C15-9305-17AA33C9DBB9}.Ad-Hoc|Any CPU.Build.0 = Release|Any CPU
		{D77432C0-33FA-4C15-9305-17AA33C9DBB9}.Ad-Hoc|Any CPU.Deploy.0 = Release|Any CPU
		{D77432C0-33FA-4C15-9305-17AA33C9DBB9}.Ad-Hoc|ARM.ActiveCfg = Release|Any CPU
		{D77432C0-33FA-4C15-9305-17AA33C9DBB9}.Ad-Hoc|ARM.Build.0 = Release|Any CPU
		{D77432C0-33FA-4C15-9305-17AA33C9DBB9}.Ad-Hoc|ARM.Deploy.0 = Release|Any CPU
		{D77432C0-33FA-4C15-9305-17AA33C9DBB9}.Ad-Hoc|iPhone.ActiveCfg = Release|Any CPU
		{D77432C0-33FA-4C15-9305-17AA33C9DBB9}.Ad-Hoc|iPhone.Build.0 = Release|Any CPU
		{D77432C0-33FA-4C15-9305-17AA33C9DBB9}.Ad-Hoc|iPhone.Deploy.0 = Release|Any CPU
		{D77432C0-33FA-4C15-9305-17AA33C9DBB9}.Ad-Hoc|iPhoneSimulator.ActiveCfg = Release|Any CPU
		{D77432C0-33FA-4C15-9305-17AA33C9DBB9}.Ad-Hoc|iPhoneSimulator.Build.0 = Release|Any CPU
		{D77432C0-33FA-4C15-9305-17AA33C9DBB9}.Ad-Hoc|iPhoneSimulator.Deploy.0 = Release|Any CPU
		{D77432C0-33FA-4C15-9305-17AA33C9DBB9}.Ad-Hoc|x64.ActiveCfg = Release|Any CPU
		{D77432C0-33FA-4C15-9305-17AA33C9DBB9}.Ad-Hoc|x64.Build.0 = Release|Any CPU
		{D77432C0-33FA-4C15-9305-17AA33C9DBB9}.Ad-Hoc|x64.Deploy.0 = Release|Any CPU
		{D77432C0-33FA-4C15-9305-17AA33C9DBB9}.Ad-Hoc|x86.ActiveCfg = Release|Any CPU
		{D77432C0-33FA-4C15-9305-17AA33C9DBB9}.Ad-Hoc|x86.Build.0 = Release|Any CPU
		{D77432C0-33FA-4C15-9305-17AA33C9DBB9}.Ad-Hoc|x86.Deploy.0 = Release|Any CPU
		{D77432C0-33FA-4C15-9305-17AA33C9DBB9}.AppStore|Any CPU.ActiveCfg = Release|Any CPU
		{D77432C0-33FA-4C15-9305-17AA33C9DBB9}.AppStore|Any CPU.Build.0 = Release|Any CPU
		{D77432C0-33FA-4C15-9305-17AA33C9DBB9}.AppStore|Any CPU.Deploy.0 = Release|Any CPU
		{D77432C0-33FA-4C15-9305-17AA33C9DBB9}.AppStore|ARM.ActiveCfg = Release|Any CPU
		{D77432C0-33FA-4C15-9305-17AA33C9DBB9}.AppStore|ARM.Build.0 = Release|Any CPU
		{D77432C0-33FA-4C15-9305-17AA33C9DBB9}.AppStore|ARM.Deploy.0 = Release|Any CPU
		{D77432C0-33FA-4C15-9305-17AA33C9DBB9}.AppStore|iPhone.ActiveCfg = Release|Any CPU
		{D77432C0-33FA-4C15-9305-17AA33C9DBB9}.AppStore|iPhone.Build.0 = Release|Any CPU
		{D77432C0-33FA-4C15-9305-17AA33C9DBB9}.AppStore|iPhone.Deploy.0 = Release|Any CPU
		{D77432C0-33FA-4C15-9305-17AA33C9DBB9}.AppStore|iPhoneSimulator.ActiveCfg = Release|Any CPU
		{D77432C0-33FA-4C15-9305-17AA33C9DBB9}.AppStore|iPhoneSimulator.Build.0 = Release|Any CPU
		{D77432C0-33FA-4C15-9305-17AA33C9DBB9}.AppStore|iPhoneSimulator.Deploy.0 = Release|Any CPU
		{D77432C0-33FA-4C15-9305-17AA33C9DBB9}.AppStore|x64.ActiveCfg = Release|Any CPU
		{D77432C0-33FA-4C15-9305-17AA33C9DBB9}.AppStore|x64.Build.0 = Release|Any CPU
		{D77432C0-33FA-4C15-9305-17AA33C9DBB9}.AppStore|x64.Deploy.0 = Release|Any CPU
		{D77432C0-33FA-4C15-9305-17AA33C9DBB9}.AppStore|x86.ActiveCfg = Release|Any CPU
		{D77432C0-33FA-4C15-9305-17AA33C9DBB9}.AppStore|x86.Build.0 = Release|Any CPU
		{D77432C0-33FA-4C15-9305-17AA33C9DBB9}.AppStore|x86.Deploy.0 = Release|Any CPU
		{D77432C0-33FA-4C15-9305-17AA33C9DBB9}.Debug|Any CPU.ActiveCfg = Debug|Any CPU
		{D77432C0-33FA-4C15-9305-17AA33C9DBB9}.Debug|Any CPU.Build.0 = Debug|Any CPU
		{D77432C0-33FA-4C15-9305-17AA33C9DBB9}.Debug|Any CPU.Deploy.0 = Debug|Any CPU
		{D77432C0-33FA-4C15-9305-17AA33C9DBB9}.Debug|ARM.ActiveCfg = Debug|Any CPU
		{D77432C0-33FA-4C15-9305-17AA33C9DBB9}.Debug|ARM.Build.0 = Debug|Any CPU
		{D77432C0-33FA-4C15-9305-17AA33C9DBB9}.Debug|ARM.Deploy.0 = Debug|Any CPU
		{D77432C0-33FA-4C15-9305-17AA33C9DBB9}.Debug|iPhone.ActiveCfg = Debug|Any CPU
		{D77432C0-33FA-4C15-9305-17AA33C9DBB9}.Debug|iPhone.Build.0 = Debug|Any CPU
		{D77432C0-33FA-4C15-9305-17AA33C9DBB9}.Debug|iPhone.Deploy.0 = Debug|Any CPU
		{D77432C0-33FA-4C15-9305-17AA33C9DBB9}.Debug|iPhoneSimulator.ActiveCfg = Debug|Any CPU
		{D77432C0-33FA-4C15-9305-17AA33C9DBB9}.Debug|iPhoneSimulator.Build.0 = Debug|Any CPU
		{D77432C0-33FA-4C15-9305-17AA33C9DBB9}.Debug|iPhoneSimulator.Deploy.0 = Debug|Any CPU
		{D77432C0-33FA-4C15-9305-17AA33C9DBB9}.Debug|x64.ActiveCfg = Debug|Any CPU
		{D77432C0-33FA-4C15-9305-17AA33C9DBB9}.Debug|x64.Build.0 = Debug|Any CPU
		{D77432C0-33FA-4C15-9305-17AA33C9DBB9}.Debug|x64.Deploy.0 = Debug|Any CPU
		{D77432C0-33FA-4C15-9305-17AA33C9DBB9}.Debug|x86.ActiveCfg = Debug|Any CPU
		{D77432C0-33FA-4C15-9305-17AA33C9DBB9}.Debug|x86.Build.0 = Debug|Any CPU
		{D77432C0-33FA-4C15-9305-17AA33C9DBB9}.Debug|x86.Deploy.0 = Debug|Any CPU
		{D77432C0-33FA-4C15-9305-17AA33C9DBB9}.Release|Any CPU.ActiveCfg = Release|Any CPU
		{D77432C0-33FA-4C15-9305-17AA33C9DBB9}.Release|Any CPU.Build.0 = Release|Any CPU
		{D77432C0-33FA-4C15-9305-17AA33C9DBB9}.Release|Any CPU.Deploy.0 = Release|Any CPU
		{D77432C0-33FA-4C15-9305-17AA33C9DBB9}.Release|ARM.ActiveCfg = Release|Any CPU
		{D77432C0-33FA-4C15-9305-17AA33C9DBB9}.Release|ARM.Build.0 = Release|Any CPU
		{D77432C0-33FA-4C15-9305-17AA33C9DBB9}.Release|ARM.Deploy.0 = Release|Any CPU
		{D77432C0-33FA-4C15-9305-17AA33C9DBB9}.Release|iPhone.ActiveCfg = Release|Any CPU
		{D77432C0-33FA-4C15-9305-17AA33C9DBB9}.Release|iPhone.Build.0 = Release|Any CPU
		{D77432C0-33FA-4C15-9305-17AA33C9DBB9}.Release|iPhone.Deploy.0 = Release|Any CPU
		{D77432C0-33FA-4C15-9305-17AA33C9DBB9}.Release|iPhoneSimulator.ActiveCfg = Release|Any CPU
		{D77432C0-33FA-4C15-9305-17AA33C9DBB9}.Release|iPhoneSimulator.Build.0 = Release|Any CPU
		{D77432C0-33FA-4C15-9305-17AA33C9DBB9}.Release|iPhoneSimulator.Deploy.0 = Release|Any CPU
		{D77432C0-33FA-4C15-9305-17AA33C9DBB9}.Release|x64.ActiveCfg = Release|Any CPU
		{D77432C0-33FA-4C15-9305-17AA33C9DBB9}.Release|x64.Build.0 = Release|Any CPU
		{D77432C0-33FA-4C15-9305-17AA33C9DBB9}.Release|x64.Deploy.0 = Release|Any CPU
		{D77432C0-33FA-4C15-9305-17AA33C9DBB9}.Release|x86.ActiveCfg = Release|Any CPU
		{D77432C0-33FA-4C15-9305-17AA33C9DBB9}.Release|x86.Build.0 = Release|Any CPU
		{D77432C0-33FA-4C15-9305-17AA33C9DBB9}.Release|x86.Deploy.0 = Release|Any CPU
		{32088B3A-8DE0-4EF4-B646-D32EF0C23A26}.Ad-Hoc|Any CPU.ActiveCfg = Ad-Hoc|iPhone
		{32088B3A-8DE0-4EF4-B646-D32EF0C23A26}.Ad-Hoc|Any CPU.Build.0 = Ad-Hoc|iPhone
		{32088B3A-8DE0-4EF4-B646-D32EF0C23A26}.Ad-Hoc|Any CPU.Deploy.0 = Ad-Hoc|iPhone
		{32088B3A-8DE0-4EF4-B646-D32EF0C23A26}.Ad-Hoc|ARM.ActiveCfg = Ad-Hoc|iPhone
		{32088B3A-8DE0-4EF4-B646-D32EF0C23A26}.Ad-Hoc|ARM.Build.0 = Ad-Hoc|iPhone
		{32088B3A-8DE0-4EF4-B646-D32EF0C23A26}.Ad-Hoc|ARM.Deploy.0 = Ad-Hoc|iPhone
		{32088B3A-8DE0-4EF4-B646-D32EF0C23A26}.Ad-Hoc|iPhone.ActiveCfg = Ad-Hoc|iPhone
		{32088B3A-8DE0-4EF4-B646-D32EF0C23A26}.Ad-Hoc|iPhone.Build.0 = Ad-Hoc|iPhone
		{32088B3A-8DE0-4EF4-B646-D32EF0C23A26}.Ad-Hoc|iPhone.Deploy.0 = Ad-Hoc|iPhone
		{32088B3A-8DE0-4EF4-B646-D32EF0C23A26}.Ad-Hoc|iPhoneSimulator.ActiveCfg = Ad-Hoc|iPhoneSimulator
		{32088B3A-8DE0-4EF4-B646-D32EF0C23A26}.Ad-Hoc|iPhoneSimulator.Build.0 = Ad-Hoc|iPhoneSimulator
		{32088B3A-8DE0-4EF4-B646-D32EF0C23A26}.Ad-Hoc|iPhoneSimulator.Deploy.0 = Ad-Hoc|iPhoneSimulator
		{32088B3A-8DE0-4EF4-B646-D32EF0C23A26}.Ad-Hoc|x64.ActiveCfg = Ad-Hoc|iPhone
		{32088B3A-8DE0-4EF4-B646-D32EF0C23A26}.Ad-Hoc|x64.Build.0 = Ad-Hoc|iPhone
		{32088B3A-8DE0-4EF4-B646-D32EF0C23A26}.Ad-Hoc|x64.Deploy.0 = Ad-Hoc|iPhone
		{32088B3A-8DE0-4EF4-B646-D32EF0C23A26}.Ad-Hoc|x86.ActiveCfg = Ad-Hoc|iPhone
		{32088B3A-8DE0-4EF4-B646-D32EF0C23A26}.Ad-Hoc|x86.Build.0 = Ad-Hoc|iPhone
		{32088B3A-8DE0-4EF4-B646-D32EF0C23A26}.Ad-Hoc|x86.Deploy.0 = Ad-Hoc|iPhone
		{32088B3A-8DE0-4EF4-B646-D32EF0C23A26}.AppStore|Any CPU.ActiveCfg = AppStore|iPhone
		{32088B3A-8DE0-4EF4-B646-D32EF0C23A26}.AppStore|Any CPU.Build.0 = AppStore|iPhone
		{32088B3A-8DE0-4EF4-B646-D32EF0C23A26}.AppStore|Any CPU.Deploy.0 = AppStore|iPhone
		{32088B3A-8DE0-4EF4-B646-D32EF0C23A26}.AppStore|ARM.ActiveCfg = AppStore|iPhone
		{32088B3A-8DE0-4EF4-B646-D32EF0C23A26}.AppStore|ARM.Build.0 = AppStore|iPhone
		{32088B3A-8DE0-4EF4-B646-D32EF0C23A26}.AppStore|ARM.Deploy.0 = AppStore|iPhone
		{32088B3A-8DE0-4EF4-B646-D32EF0C23A26}.AppStore|iPhone.ActiveCfg = AppStore|iPhone
		{32088B3A-8DE0-4EF4-B646-D32EF0C23A26}.AppStore|iPhone.Build.0 = AppStore|iPhone
		{32088B3A-8DE0-4EF4-B646-D32EF0C23A26}.AppStore|iPhone.Deploy.0 = AppStore|iPhone
		{32088B3A-8DE0-4EF4-B646-D32EF0C23A26}.AppStore|iPhoneSimulator.ActiveCfg = AppStore|iPhoneSimulator
		{32088B3A-8DE0-4EF4-B646-D32EF0C23A26}.AppStore|iPhoneSimulator.Build.0 = AppStore|iPhoneSimulator
		{32088B3A-8DE0-4EF4-B646-D32EF0C23A26}.AppStore|iPhoneSimulator.Deploy.0 = AppStore|iPhoneSimulator
		{32088B3A-8DE0-4EF4-B646-D32EF0C23A26}.AppStore|x64.ActiveCfg = AppStore|iPhone
		{32088B3A-8DE0-4EF4-B646-D32EF0C23A26}.AppStore|x64.Build.0 = AppStore|iPhone
		{32088B3A-8DE0-4EF4-B646-D32EF0C23A26}.AppStore|x64.Deploy.0 = AppStore|iPhone
		{32088B3A-8DE0-4EF4-B646-D32EF0C23A26}.AppStore|x86.ActiveCfg = AppStore|iPhone
		{32088B3A-8DE0-4EF4-B646-D32EF0C23A26}.AppStore|x86.Build.0 = AppStore|iPhone
		{32088B3A-8DE0-4EF4-B646-D32EF0C23A26}.AppStore|x86.Deploy.0 = AppStore|iPhone
		{32088B3A-8DE0-4EF4-B646-D32EF0C23A26}.Debug|Any CPU.ActiveCfg = Debug|iPhoneSimulator
		{32088B3A-8DE0-4EF4-B646-D32EF0C23A26}.Debug|Any CPU.Build.0 = Debug|iPhoneSimulator
		{32088B3A-8DE0-4EF4-B646-D32EF0C23A26}.Debug|Any CPU.Deploy.0 = Debug|iPhoneSimulator
		{32088B3A-8DE0-4EF4-B646-D32EF0C23A26}.Debug|ARM.ActiveCfg = Debug|iPhone
		{32088B3A-8DE0-4EF4-B646-D32EF0C23A26}.Debug|ARM.Build.0 = Debug|iPhone
		{32088B3A-8DE0-4EF4-B646-D32EF0C23A26}.Debug|ARM.Deploy.0 = Debug|iPhone
		{32088B3A-8DE0-4EF4-B646-D32EF0C23A26}.Debug|iPhone.ActiveCfg = Debug|iPhone
		{32088B3A-8DE0-4EF4-B646-D32EF0C23A26}.Debug|iPhone.Build.0 = Debug|iPhone
		{32088B3A-8DE0-4EF4-B646-D32EF0C23A26}.Debug|iPhone.Deploy.0 = Debug|iPhone
		{32088B3A-8DE0-4EF4-B646-D32EF0C23A26}.Debug|iPhoneSimulator.ActiveCfg = Debug|iPhoneSimulator
		{32088B3A-8DE0-4EF4-B646-D32EF0C23A26}.Debug|iPhoneSimulator.Build.0 = Debug|iPhoneSimulator
		{32088B3A-8DE0-4EF4-B646-D32EF0C23A26}.Debug|iPhoneSimulator.Deploy.0 = Debug|iPhoneSimulator
		{32088B3A-8DE0-4EF4-B646-D32EF0C23A26}.Debug|x64.ActiveCfg = Debug|iPhone
		{32088B3A-8DE0-4EF4-B646-D32EF0C23A26}.Debug|x64.Build.0 = Debug|iPhone
		{32088B3A-8DE0-4EF4-B646-D32EF0C23A26}.Debug|x64.Deploy.0 = Debug|iPhone
		{32088B3A-8DE0-4EF4-B646-D32EF0C23A26}.Debug|x86.ActiveCfg = Debug|iPhone
		{32088B3A-8DE0-4EF4-B646-D32EF0C23A26}.Debug|x86.Build.0 = Debug|iPhone
		{32088B3A-8DE0-4EF4-B646-D32EF0C23A26}.Debug|x86.Deploy.0 = Debug|iPhone
		{32088B3A-8DE0-4EF4-B646-D32EF0C23A26}.Release|Any CPU.ActiveCfg = Release|iPhone
		{32088B3A-8DE0-4EF4-B646-D32EF0C23A26}.Release|Any CPU.Build.0 = Release|iPhone
		{32088B3A-8DE0-4EF4-B646-D32EF0C23A26}.Release|Any CPU.Deploy.0 = Release|iPhone
		{32088B3A-8DE0-4EF4-B646-D32EF0C23A26}.Release|ARM.ActiveCfg = Release|iPhone
		{32088B3A-8DE0-4EF4-B646-D32EF0C23A26}.Release|ARM.Build.0 = Release|iPhone
		{32088B3A-8DE0-4EF4-B646-D32EF0C23A26}.Release|ARM.Deploy.0 = Release|iPhone
		{32088B3A-8DE0-4EF4-B646-D32EF0C23A26}.Release|iPhone.ActiveCfg = Release|iPhone
		{32088B3A-8DE0-4EF4-B646-D32EF0C23A26}.Release|iPhone.Build.0 = Release|iPhone
		{32088B3A-8DE0-4EF4-B646-D32EF0C23A26}.Release|iPhone.Deploy.0 = Release|iPhone
		{32088B3A-8DE0-4EF4-B646-D32EF0C23A26}.Release|iPhoneSimulator.ActiveCfg = Release|iPhoneSimulator
		{32088B3A-8DE0-4EF4-B646-D32EF0C23A26}.Release|iPhoneSimulator.Build.0 = Release|iPhoneSimulator
		{32088B3A-8DE0-4EF4-B646-D32EF0C23A26}.Release|iPhoneSimulator.Deploy.0 = Release|iPhoneSimulator
		{32088B3A-8DE0-4EF4-B646-D32EF0C23A26}.Release|x64.ActiveCfg = Release|iPhone
		{32088B3A-8DE0-4EF4-B646-D32EF0C23A26}.Release|x64.Build.0 = Release|iPhone
		{32088B3A-8DE0-4EF4-B646-D32EF0C23A26}.Release|x64.Deploy.0 = Release|iPhone
		{32088B3A-8DE0-4EF4-B646-D32EF0C23A26}.Release|x86.ActiveCfg = Release|iPhone
		{32088B3A-8DE0-4EF4-B646-D32EF0C23A26}.Release|x86.Build.0 = Release|iPhone
		{32088B3A-8DE0-4EF4-B646-D32EF0C23A26}.Release|x86.Deploy.0 = Release|iPhone
		{12843F05-23D6-4C89-9B18-AE992DFE43AF}.Ad-Hoc|Any CPU.ActiveCfg = Release|x86
		{12843F05-23D6-4C89-9B18-AE992DFE43AF}.Ad-Hoc|Any CPU.Build.0 = Release|x86
		{12843F05-23D6-4C89-9B18-AE992DFE43AF}.Ad-Hoc|Any CPU.Deploy.0 = Release|x86
		{12843F05-23D6-4C89-9B18-AE992DFE43AF}.Ad-Hoc|ARM.ActiveCfg = Release|ARM
		{12843F05-23D6-4C89-9B18-AE992DFE43AF}.Ad-Hoc|ARM.Build.0 = Release|ARM
		{12843F05-23D6-4C89-9B18-AE992DFE43AF}.Ad-Hoc|ARM.Deploy.0 = Release|ARM
		{12843F05-23D6-4C89-9B18-AE992DFE43AF}.Ad-Hoc|iPhone.ActiveCfg = Release|x86
		{12843F05-23D6-4C89-9B18-AE992DFE43AF}.Ad-Hoc|iPhone.Build.0 = Release|x86
		{12843F05-23D6-4C89-9B18-AE992DFE43AF}.Ad-Hoc|iPhone.Deploy.0 = Release|x86
		{12843F05-23D6-4C89-9B18-AE992DFE43AF}.Ad-Hoc|iPhoneSimulator.ActiveCfg = Release|x86
		{12843F05-23D6-4C89-9B18-AE992DFE43AF}.Ad-Hoc|iPhoneSimulator.Build.0 = Release|x86
		{12843F05-23D6-4C89-9B18-AE992DFE43AF}.Ad-Hoc|iPhoneSimulator.Deploy.0 = Release|x86
		{12843F05-23D6-4C89-9B18-AE992DFE43AF}.Ad-Hoc|x64.ActiveCfg = Release|x64
		{12843F05-23D6-4C89-9B18-AE992DFE43AF}.Ad-Hoc|x64.Build.0 = Release|x64
		{12843F05-23D6-4C89-9B18-AE992DFE43AF}.Ad-Hoc|x64.Deploy.0 = Release|x64
		{12843F05-23D6-4C89-9B18-AE992DFE43AF}.Ad-Hoc|x86.ActiveCfg = Release|x86
		{12843F05-23D6-4C89-9B18-AE992DFE43AF}.Ad-Hoc|x86.Build.0 = Release|x86
		{12843F05-23D6-4C89-9B18-AE992DFE43AF}.Ad-Hoc|x86.Deploy.0 = Release|x86
		{12843F05-23D6-4C89-9B18-AE992DFE43AF}.AppStore|Any CPU.ActiveCfg = Release|x86
		{12843F05-23D6-4C89-9B18-AE992DFE43AF}.AppStore|Any CPU.Build.0 = Release|x86
		{12843F05-23D6-4C89-9B18-AE992DFE43AF}.AppStore|Any CPU.Deploy.0 = Release|x86
		{12843F05-23D6-4C89-9B18-AE992DFE43AF}.AppStore|ARM.ActiveCfg = Release|ARM
		{12843F05-23D6-4C89-9B18-AE992DFE43AF}.AppStore|ARM.Build.0 = Release|ARM
		{12843F05-23D6-4C89-9B18-AE992DFE43AF}.AppStore|ARM.Deploy.0 = Release|ARM
		{12843F05-23D6-4C89-9B18-AE992DFE43AF}.AppStore|iPhone.ActiveCfg = Release|x86
		{12843F05-23D6-4C89-9B18-AE992DFE43AF}.AppStore|iPhone.Build.0 = Release|x86
		{12843F05-23D6-4C89-9B18-AE992DFE43AF}.AppStore|iPhone.Deploy.0 = Release|x86
		{12843F05-23D6-4C89-9B18-AE992DFE43AF}.AppStore|iPhoneSimulator.ActiveCfg = Release|x86
		{12843F05-23D6-4C89-9B18-AE992DFE43AF}.AppStore|iPhoneSimulator.Build.0 = Release|x86
		{12843F05-23D6-4C89-9B18-AE992DFE43AF}.AppStore|iPhoneSimulator.Deploy.0 = Release|x86
		{12843F05-23D6-4C89-9B18-AE992DFE43AF}.AppStore|x64.ActiveCfg = Release|x64
		{12843F05-23D6-4C89-9B18-AE992DFE43AF}.AppStore|x64.Build.0 = Release|x64
		{12843F05-23D6-4C89-9B18-AE992DFE43AF}.AppStore|x64.Deploy.0 = Release|x64
		{12843F05-23D6-4C89-9B18-AE992DFE43AF}.AppStore|x86.ActiveCfg = Release|x86
		{12843F05-23D6-4C89-9B18-AE992DFE43AF}.AppStore|x86.Build.0 = Release|x86
		{12843F05-23D6-4C89-9B18-AE992DFE43AF}.AppStore|x86.Deploy.0 = Release|x86
		{12843F05-23D6-4C89-9B18-AE992DFE43AF}.Debug|Any CPU.ActiveCfg = Debug|x86
		{12843F05-23D6-4C89-9B18-AE992DFE43AF}.Debug|Any CPU.Build.0 = Debug|x86
		{12843F05-23D6-4C89-9B18-AE992DFE43AF}.Debug|Any CPU.Deploy.0 = Debug|x86
		{12843F05-23D6-4C89-9B18-AE992DFE43AF}.Debug|ARM.ActiveCfg = Debug|ARM
		{12843F05-23D6-4C89-9B18-AE992DFE43AF}.Debug|ARM.Build.0 = Debug|ARM
		{12843F05-23D6-4C89-9B18-AE992DFE43AF}.Debug|ARM.Deploy.0 = Debug|ARM
		{12843F05-23D6-4C89-9B18-AE992DFE43AF}.Debug|iPhone.ActiveCfg = Debug|x86
		{12843F05-23D6-4C89-9B18-AE992DFE43AF}.Debug|iPhone.Build.0 = Debug|x86
		{12843F05-23D6-4C89-9B18-AE992DFE43AF}.Debug|iPhone.Deploy.0 = Debug|x86
		{12843F05-23D6-4C89-9B18-AE992DFE43AF}.Debug|iPhoneSimulator.ActiveCfg = Debug|x86
		{12843F05-23D6-4C89-9B18-AE992DFE43AF}.Debug|iPhoneSimulator.Build.0 = Debug|x86
		{12843F05-23D6-4C89-9B18-AE992DFE43AF}.Debug|iPhoneSimulator.Deploy.0 = Debug|x86
		{12843F05-23D6-4C89-9B18-AE992DFE43AF}.Debug|x64.ActiveCfg = Debug|x64
		{12843F05-23D6-4C89-9B18-AE992DFE43AF}.Debug|x64.Build.0 = Debug|x64
		{12843F05-23D6-4C89-9B18-AE992DFE43AF}.Debug|x64.Deploy.0 = Debug|x64
		{12843F05-23D6-4C89-9B18-AE992DFE43AF}.Debug|x86.ActiveCfg = Debug|x86
		{12843F05-23D6-4C89-9B18-AE992DFE43AF}.Debug|x86.Build.0 = Debug|x86
		{12843F05-23D6-4C89-9B18-AE992DFE43AF}.Debug|x86.Deploy.0 = Debug|x86
		{12843F05-23D6-4C89-9B18-AE992DFE43AF}.Release|Any CPU.ActiveCfg = Release|x86
		{12843F05-23D6-4C89-9B18-AE992DFE43AF}.Release|Any CPU.Build.0 = Release|x86
		{12843F05-23D6-4C89-9B18-AE992DFE43AF}.Release|Any CPU.Deploy.0 = Release|x86
		{12843F05-23D6-4C89-9B18-AE992DFE43AF}.Release|ARM.ActiveCfg = Release|ARM
		{12843F05-23D6-4C89-9B18-AE992DFE43AF}.Release|ARM.Build.0 = Release|ARM
		{12843F05-23D6-4C89-9B18-AE992DFE43AF}.Release|ARM.Deploy.0 = Release|ARM
		{12843F05-23D6-4C89-9B18-AE992DFE43AF}.Release|iPhone.ActiveCfg = Release|x86
		{12843F05-23D6-4C89-9B18-AE992DFE43AF}.Release|iPhone.Build.0 = Release|x86
		{12843F05-23D6-4C89-9B18-AE992DFE43AF}.Release|iPhone.Deploy.0 = Release|x86
		{12843F05-23D6-4C89-9B18-AE992DFE43AF}.Release|iPhoneSimulator.ActiveCfg = Release|x86
		{12843F05-23D6-4C89-9B18-AE992DFE43AF}.Release|iPhoneSimulator.Build.0 = Release|x86
		{12843F05-23D6-4C89-9B18-AE992DFE43AF}.Release|iPhoneSimulator.Deploy.0 = Release|x86
		{12843F05-23D6-4C89-9B18-AE992DFE43AF}.Release|x64.ActiveCfg = Release|x64
		{12843F05-23D6-4C89-9B18-AE992DFE43AF}.Release|x64.Build.0 = Release|x64
		{12843F05-23D6-4C89-9B18-AE992DFE43AF}.Release|x64.Deploy.0 = Release|x64
		{12843F05-23D6-4C89-9B18-AE992DFE43AF}.Release|x86.ActiveCfg = Release|x86
		{12843F05-23D6-4C89-9B18-AE992DFE43AF}.Release|x86.Build.0 = Release|x86
		{12843F05-23D6-4C89-9B18-AE992DFE43AF}.Release|x86.Deploy.0 = Release|x86
		{9D1BD98D-A364-4767-ACDA-99C00DD0931B}.Ad-Hoc|Any CPU.ActiveCfg = Debug|Any CPU
		{9D1BD98D-A364-4767-ACDA-99C00DD0931B}.Ad-Hoc|Any CPU.Build.0 = Debug|Any CPU
		{9D1BD98D-A364-4767-ACDA-99C00DD0931B}.Ad-Hoc|Any CPU.Deploy.0 = Debug|Any CPU
		{9D1BD98D-A364-4767-ACDA-99C00DD0931B}.Ad-Hoc|ARM.ActiveCfg = Debug|Any CPU
		{9D1BD98D-A364-4767-ACDA-99C00DD0931B}.Ad-Hoc|ARM.Build.0 = Debug|Any CPU
		{9D1BD98D-A364-4767-ACDA-99C00DD0931B}.Ad-Hoc|ARM.Deploy.0 = Debug|Any CPU
		{9D1BD98D-A364-4767-ACDA-99C00DD0931B}.Ad-Hoc|iPhone.ActiveCfg = Debug|Any CPU
		{9D1BD98D-A364-4767-ACDA-99C00DD0931B}.Ad-Hoc|iPhone.Build.0 = Debug|Any CPU
		{9D1BD98D-A364-4767-ACDA-99C00DD0931B}.Ad-Hoc|iPhone.Deploy.0 = Debug|Any CPU
		{9D1BD98D-A364-4767-ACDA-99C00DD0931B}.Ad-Hoc|iPhoneSimulator.ActiveCfg = Debug|Any CPU
		{9D1BD98D-A364-4767-ACDA-99C00DD0931B}.Ad-Hoc|iPhoneSimulator.Build.0 = Debug|Any CPU
		{9D1BD98D-A364-4767-ACDA-99C00DD0931B}.Ad-Hoc|iPhoneSimulator.Deploy.0 = Debug|Any CPU
		{9D1BD98D-A364-4767-ACDA-99C00DD0931B}.Ad-Hoc|x64.ActiveCfg = Debug|Any CPU
		{9D1BD98D-A364-4767-ACDA-99C00DD0931B}.Ad-Hoc|x64.Build.0 = Debug|Any CPU
		{9D1BD98D-A364-4767-ACDA-99C00DD0931B}.Ad-Hoc|x64.Deploy.0 = Debug|Any CPU
		{9D1BD98D-A364-4767-ACDA-99C00DD0931B}.Ad-Hoc|x86.ActiveCfg = Debug|Any CPU
		{9D1BD98D-A364-4767-ACDA-99C00DD0931B}.Ad-Hoc|x86.Build.0 = Debug|Any CPU
		{9D1BD98D-A364-4767-ACDA-99C00DD0931B}.Ad-Hoc|x86.Deploy.0 = Debug|Any CPU
		{9D1BD98D-A364-4767-ACDA-99C00DD0931B}.AppStore|Any CPU.ActiveCfg = Debug|Any CPU
		{9D1BD98D-A364-4767-ACDA-99C00DD0931B}.AppStore|Any CPU.Build.0 = Debug|Any CPU
		{9D1BD98D-A364-4767-ACDA-99C00DD0931B}.AppStore|Any CPU.Deploy.0 = Debug|Any CPU
		{9D1BD98D-A364-4767-ACDA-99C00DD0931B}.AppStore|ARM.ActiveCfg = Debug|Any CPU
		{9D1BD98D-A364-4767-ACDA-99C00DD0931B}.AppStore|ARM.Build.0 = Debug|Any CPU
		{9D1BD98D-A364-4767-ACDA-99C00DD0931B}.AppStore|ARM.Deploy.0 = Debug|Any CPU
		{9D1BD98D-A364-4767-ACDA-99C00DD0931B}.AppStore|iPhone.ActiveCfg = Debug|Any CPU
		{9D1BD98D-A364-4767-ACDA-99C00DD0931B}.AppStore|iPhone.Build.0 = Debug|Any CPU
		{9D1BD98D-A364-4767-ACDA-99C00DD0931B}.AppStore|iPhone.Deploy.0 = Debug|Any CPU
		{9D1BD98D-A364-4767-ACDA-99C00DD0931B}.AppStore|iPhoneSimulator.ActiveCfg = Debug|Any CPU
		{9D1BD98D-A364-4767-ACDA-99C00DD0931B}.AppStore|iPhoneSimulator.Build.0 = Debug|Any CPU
		{9D1BD98D-A364-4767-ACDA-99C00DD0931B}.AppStore|iPhoneSimulator.Deploy.0 = Debug|Any CPU
		{9D1BD98D-A364-4767-ACDA-99C00DD0931B}.AppStore|x64.ActiveCfg = Debug|Any CPU
		{9D1BD98D-A364-4767-ACDA-99C00DD0931B}.AppStore|x64.Build.0 = Debug|Any CPU
		{9D1BD98D-A364-4767-ACDA-99C00DD0931B}.AppStore|x64.Deploy.0 = Debug|Any CPU
		{9D1BD98D-A364-4767-ACDA-99C00DD0931B}.AppStore|x86.ActiveCfg = Debug|Any CPU
		{9D1BD98D-A364-4767-ACDA-99C00DD0931B}.AppStore|x86.Build.0 = Debug|Any CPU
		{9D1BD98D-A364-4767-ACDA-99C00DD0931B}.AppStore|x86.Deploy.0 = Debug|Any CPU
		{9D1BD98D-A364-4767-ACDA-99C00DD0931B}.Debug|Any CPU.ActiveCfg = Debug|Any CPU
		{9D1BD98D-A364-4767-ACDA-99C00DD0931B}.Debug|Any CPU.Build.0 = Debug|Any CPU
		{9D1BD98D-A364-4767-ACDA-99C00DD0931B}.Debug|Any CPU.Deploy.0 = Debug|Any CPU
		{9D1BD98D-A364-4767-ACDA-99C00DD0931B}.Debug|ARM.ActiveCfg = Debug|Any CPU
		{9D1BD98D-A364-4767-ACDA-99C00DD0931B}.Debug|ARM.Build.0 = Debug|Any CPU
		{9D1BD98D-A364-4767-ACDA-99C00DD0931B}.Debug|ARM.Deploy.0 = Debug|Any CPU
		{9D1BD98D-A364-4767-ACDA-99C00DD0931B}.Debug|iPhone.ActiveCfg = Debug|Any CPU
		{9D1BD98D-A364-4767-ACDA-99C00DD0931B}.Debug|iPhone.Build.0 = Debug|Any CPU
		{9D1BD98D-A364-4767-ACDA-99C00DD0931B}.Debug|iPhone.Deploy.0 = Debug|Any CPU
		{9D1BD98D-A364-4767-ACDA-99C00DD0931B}.Debug|iPhoneSimulator.ActiveCfg = Debug|Any CPU
		{9D1BD98D-A364-4767-ACDA-99C00DD0931B}.Debug|iPhoneSimulator.Build.0 = Debug|Any CPU
		{9D1BD98D-A364-4767-ACDA-99C00DD0931B}.Debug|iPhoneSimulator.Deploy.0 = Debug|Any CPU
		{9D1BD98D-A364-4767-ACDA-99C00DD0931B}.Debug|x64.ActiveCfg = Debug|Any CPU
		{9D1BD98D-A364-4767-ACDA-99C00DD0931B}.Debug|x64.Build.0 = Debug|Any CPU
		{9D1BD98D-A364-4767-ACDA-99C00DD0931B}.Debug|x64.Deploy.0 = Debug|Any CPU
		{9D1BD98D-A364-4767-ACDA-99C00DD0931B}.Debug|x86.ActiveCfg = Debug|Any CPU
		{9D1BD98D-A364-4767-ACDA-99C00DD0931B}.Debug|x86.Build.0 = Debug|Any CPU
		{9D1BD98D-A364-4767-ACDA-99C00DD0931B}.Debug|x86.Deploy.0 = Debug|Any CPU
		{9D1BD98D-A364-4767-ACDA-99C00DD0931B}.Release|Any CPU.ActiveCfg = Release|Any CPU
		{9D1BD98D-A364-4767-ACDA-99C00DD0931B}.Release|Any CPU.Build.0 = Release|Any CPU
		{9D1BD98D-A364-4767-ACDA-99C00DD0931B}.Release|Any CPU.Deploy.0 = Release|Any CPU
		{9D1BD98D-A364-4767-ACDA-99C00DD0931B}.Release|ARM.ActiveCfg = Release|Any CPU
		{9D1BD98D-A364-4767-ACDA-99C00DD0931B}.Release|ARM.Build.0 = Release|Any CPU
		{9D1BD98D-A364-4767-ACDA-99C00DD0931B}.Release|ARM.Deploy.0 = Release|Any CPU
		{9D1BD98D-A364-4767-ACDA-99C00DD0931B}.Release|iPhone.ActiveCfg = Release|Any CPU
		{9D1BD98D-A364-4767-ACDA-99C00DD0931B}.Release|iPhone.Build.0 = Release|Any CPU
		{9D1BD98D-A364-4767-ACDA-99C00DD0931B}.Release|iPhone.Deploy.0 = Release|Any CPU
		{9D1BD98D-A364-4767-ACDA-99C00DD0931B}.Release|iPhoneSimulator.ActiveCfg = Release|Any CPU
		{9D1BD98D-A364-4767-ACDA-99C00DD0931B}.Release|iPhoneSimulator.Build.0 = Release|Any CPU
		{9D1BD98D-A364-4767-ACDA-99C00DD0931B}.Release|iPhoneSimulator.Deploy.0 = Release|Any CPU
		{9D1BD98D-A364-4767-ACDA-99C00DD0931B}.Release|x64.ActiveCfg = Release|Any CPU
		{9D1BD98D-A364-4767-ACDA-99C00DD0931B}.Release|x64.Build.0 = Release|Any CPU
		{9D1BD98D-A364-4767-ACDA-99C00DD0931B}.Release|x64.Deploy.0 = Release|Any CPU
		{9D1BD98D-A364-4767-ACDA-99C00DD0931B}.Release|x86.ActiveCfg = Release|Any CPU
		{9D1BD98D-A364-4767-ACDA-99C00DD0931B}.Release|x86.Build.0 = Release|Any CPU
		{9D1BD98D-A364-4767-ACDA-99C00DD0931B}.Release|x86.Deploy.0 = Release|Any CPU
	EndGlobalSection
	GlobalSection(SolutionProperties) = preSolution
		HideSolutionNode = FALSE
	EndGlobalSection
	GlobalSection(ExtensibilityGlobals) = postSolution
		SolutionGuid = {A81A2A63-4808-413E-9D51-A8E58B464A94}
	EndGlobalSection
EndGlobal
